
Microsoft Visual Studio Solution File, Format Version 12.00
# Visual Studio Version 17
VisualStudioVersion = 17.11.35219.272
MinimumVisualStudioVersion = 10.0.40219.1
Project("{FAE04EC0-301F-11D3-BF4B-00C04F79EFBC}") = "SurviveTheNights", "SurviveTheNights.csproj", "{83D2C8AD-8278-4911-85BE-4F1B859F3563}"
EndProject
Global
	GlobalSection(SolutionConfigurationPlatforms) = preSolution
		Release|Any CPU = Release|Any CPU
	EndGlobalSection
	GlobalSection(ProjectConfigurationPlatforms) = postSolution
		{83D2C8AD-8278-4911-85BE-4F1B859F3563}.Release|Any CPU.ActiveCfg = Release|Any CPU
		{83D2C8AD-8278-4911-85BE-4F1B859F3563}.Release|Any CPU.Build.0 = Release|Any CPU
	EndGlobalSection
	GlobalSection(SolutionProperties) = preSolution
		HideSolutionNode = FALSE
	EndGlobalSection
	GlobalSection(ExtensibilityGlobals) = postSolution
		SolutionGuid = {E8993548-AA84-4198-BB7D-16BCF437E6DC}
	EndGlobalSection
EndGlobal
